
Microsoft Visual Studio Solution File, Format Version 12.00
# Visual Studio Version 16
VisualStudioVersion = 16.0.31105.61
MinimumVisualStudioVersion = 10.0.40219.1
Project("{FAE04EC0-301F-11D3-BF4B-00C04F79EFBC}") = "Lab3WPF", "Lab3WPF.csproj", "{5677998B-A941-44C3-92CD-4C57D5DEB978}"
EndProject
Project("{FAE04EC0-301F-11D3-BF4B-00C04F79EFBC}") = "UnitTestProject1", "..\UnitTestProject1\UnitTestProject1.csproj", "{874CE52F-A96E-4948-9303-D46C7189E997}"
EndProject
Global
	GlobalSection(SolutionConfigurationPlatforms) = preSolution
		Debug|Any CPU = Debug|Any CPU
		Release|Any CPU = Release|Any CPU
	EndGlobalSection
	GlobalSection(ProjectConfigurationPlatforms) = postSolution
		{5677998B-A941-44C3-92CD-4C57D5DEB978}.Debug|Any CPU.ActiveCfg = Debug|Any CPU
		{5677998B-A941-44C3-92CD-4C57D5DEB978}.Debug|Any CPU.Build.0 = Debug|Any CPU
		{5677998B-A941-44C3-92CD-4C57D5DEB978}.Release|Any CPU.ActiveCfg = Release|Any CPU
		{5677998B-A941-44C3-92CD-4C57D5DEB978}.Release|Any CPU.Build.0 = Release|Any CPU
		{874CE52F-A96E-4948-9303-D46C7189E997}.Debug|Any CPU.ActiveCfg = Debug|Any CPU
		{874CE52F-A96E-4948-9303-D46C7189E997}.Debug|Any CPU.Build.0 = Debug|Any CPU
		{874CE52F-A96E-4948-9303-D46C7189E997}.Release|Any CPU.ActiveCfg = Release|Any CPU
		{874CE52F-A96E-4948-9303-D46C7189E997}.Release|Any CPU.Build.0 = Release|Any CPU
	EndGlobalSection
	GlobalSection(SolutionProperties) = preSolution
		HideSolutionNode = FALSE
	EndGlobalSection
	GlobalSection(ExtensibilityGlobals) = postSolution
		SolutionGuid = {DC8030BE-70E9-4700-B0E8-3ACA7BF26271}
	EndGlobalSection
EndGlobal
